
Microsoft Visual Studio Solution File, Format Version 12.00
# Visual Studio Version 17
VisualStudioVersion = 17.1.32228.430
MinimumVisualStudioVersion = 10.0.40219.1
Project("{9A19103F-16F7-4668-BE54-9A1E7A4F7556}") = "NewLife.Hive", "NewLife.Hive\NewLife.Hive.csproj", "{FC28F14E-685E-4FA2-AFD9-64382519CD74}"
EndProject
Project("{FAE04EC0-301F-11D3-BF4B-00C04F79EFBC}") = "Test", "Test\Test.csproj", "{1EAB08BF-1638-45C0-B5B8-CE9ED98631D0}"
EndProject
Project("{2150E333-8FDC-42A3-9474-1A3956D46DE8}") = "Others", "Others", "{BB66A584-9B9A-4EED-BF81-BB8C6BD902FD}"
	ProjectSection(SolutionItems) = preProject
		.github\workflows\publish-beta.yml = .github\workflows\publish-beta.yml
		.github\workflows\publish.yml = .github\workflows\publish.yml
		Readme.MD = Readme.MD
		.github\workflows\test.yml = .github\workflows\test.yml
	EndProjectSection
EndProject
Global
	GlobalSection(SolutionConfigurationPlatforms) = preSolution
		Debug|Any CPU = Debug|Any CPU
		Release|Any CPU = Release|Any CPU
	EndGlobalSection
	GlobalSection(ProjectConfigurationPlatforms) = postSolution
		{FC28F14E-685E-4FA2-AFD9-64382519CD74}.Debug|Any CPU.ActiveCfg = Debug|Any CPU
		{FC28F14E-685E-4FA2-AFD9-64382519CD74}.Debug|Any CPU.Build.0 = Debug|Any CPU
		{FC28F14E-685E-4FA2-AFD9-64382519CD74}.Release|Any CPU.ActiveCfg = Release|Any CPU
		{FC28F14E-685E-4FA2-AFD9-64382519CD74}.Release|Any CPU.Build.0 = Release|Any CPU
		{1EAB08BF-1638-45C0-B5B8-CE9ED98631D0}.Debug|Any CPU.ActiveCfg = Debug|Any CPU
		{1EAB08BF-1638-45C0-B5B8-CE9ED98631D0}.Debug|Any CPU.Build.0 = Debug|Any CPU
		{1EAB08BF-1638-45C0-B5B8-CE9ED98631D0}.Release|Any CPU.ActiveCfg = Release|Any CPU
		{1EAB08BF-1638-45C0-B5B8-CE9ED98631D0}.Release|Any CPU.Build.0 = Release|Any CPU
	EndGlobalSection
	GlobalSection(SolutionProperties) = preSolution
		HideSolutionNode = FALSE
	EndGlobalSection
	GlobalSection(ExtensibilityGlobals) = postSolution
		SolutionGuid = {4D35D804-1905-4EA7-A1CB-581DB1F4B19D}
	EndGlobalSection
EndGlobal
